{
  "nodes": {
    "nixpkgs": {
      "locked": {
        "lastModified": 1771345766,
        "narHash": "sha256-3LIlst5q25UsDtJx2BdhZg3waHyn9uVlmMGEVbrgtQ8=",
        "owner": "NixOS",
        "repo": "nixpkgs",
        "rev": "a62a169a7666beb5cffdb2fd2fa8f5cfa11a1472",
        "type": "github"
      },
      "original": {
        "owner": "NixOS",
        "repo": "nixpkgs",
        "type": "github"
      }
    },
    "root": {
      "inputs": {
        "nixpkgs": "nixpkgs"
      }
    }
  },
  "root": "root",
  "version": 7
}
